
Microsoft Visual Studio Solution File, Format Version 12.00
# Visual Studio 15
Project("{FAE04EC0-301F-11D3-BF4B-00C04F79EFBC}") = "Assembly-CSharp", "Assembly-CSharp.csproj", "{733C7F2E-4EFB-AAF3-3046-CD2F5C688360}"
EndProject
Project("{FAE04EC0-301F-11D3-BF4B-00C04F79EFBC}") = "Assembly-CSharp-Editor", "Assembly-CSharp-Editor.csproj", "{F8A2D498-ACDF-D8C1-7ECC-63BB60FDFE6C}"
EndProject
Global
	GlobalSection(SolutionConfigurationPlatforms) = preSolution
		Debug|Any CPU = Debug|Any CPU
		Release|Any CPU = Release|Any CPU
	EndGlobalSection
	GlobalSection(ProjectConfigurationPlatforms) = postSolution
		{733C7F2E-4EFB-AAF3-3046-CD2F5C688360}.Debug|Any CPU.ActiveCfg = Debug|Any CPU
		{733C7F2E-4EFB-AAF3-3046-CD2F5C688360}.Debug|Any CPU.Build.0 = Debug|Any CPU
		{733C7F2E-4EFB-AAF3-3046-CD2F5C688360}.Release|Any CPU.ActiveCfg = Release|Any CPU
		{733C7F2E-4EFB-AAF3-3046-CD2F5C688360}.Release|Any CPU.Build.0 = Release|Any CPU
		{F8A2D498-ACDF-D8C1-7ECC-63BB60FDFE6C}.Debug|Any CPU.ActiveCfg = Debug|Any CPU
		{F8A2D498-ACDF-D8C1-7ECC-63BB60FDFE6C}.Debug|Any CPU.Build.0 = Debug|Any CPU
		{F8A2D498-ACDF-D8C1-7ECC-63BB60FDFE6C}.Release|Any CPU.ActiveCfg = Release|Any CPU
		{F8A2D498-ACDF-D8C1-7ECC-63BB60FDFE6C}.Release|Any CPU.Build.0 = Release|Any CPU
	EndGlobalSection
	GlobalSection(SolutionProperties) = preSolution
		HideSolutionNode = FALSE
	EndGlobalSection
EndGlobal
